
Microsoft Visual Studio Solution File, Format Version 12.00
# Visual Studio 15
VisualStudioVersion = 15.0.28307.1684
MinimumVisualStudioVersion = 10.0.40219.1
Project("{FAE04EC0-301F-11D3-BF4B-00C04F79EFBC}") = "CourseW", "CourseW\CourseW.csproj", "{432283BD-D0B4-4EC5-8C28-CB8942CC394E}"
EndProject
Global
	GlobalSection(SolutionConfigurationPlatforms) = preSolution
		Debug|Any CPU = Debug|Any CPU
		Release|Any CPU = Release|Any CPU
	EndGlobalSection
	GlobalSection(ProjectConfigurationPlatforms) = postSolution
		{432283BD-D0B4-4EC5-8C28-CB8942CC394E}.Debug|Any CPU.ActiveCfg = Debug|Any CPU
		{432283BD-D0B4-4EC5-8C28-CB8942CC394E}.Debug|Any CPU.Build.0 = Debug|Any CPU
		{432283BD-D0B4-4EC5-8C28-CB8942CC394E}.Release|Any CPU.ActiveCfg = Release|Any CPU
		{432283BD-D0B4-4EC5-8C28-CB8942CC394E}.Release|Any CPU.Build.0 = Release|Any CPU
	EndGlobalSection
	GlobalSection(SolutionProperties) = preSolution
		HideSolutionNode = FALSE
	EndGlobalSection
	GlobalSection(ExtensibilityGlobals) = postSolution
		SolutionGuid = {FD83C8B2-D1DE-4C75-9C20-F0D0168E5D64}
	EndGlobalSection
EndGlobal
